
Microsoft Visual Studio Solution File, Format Version 12.00
# Visual Studio 14
VisualStudioVersion = 14.0.25420.1
MinimumVisualStudioVersion = 10.0.40219.1
Project("{8BC9CEB8-8B4A-11D0-8D11-00A0C91BC942}") = "tuki", "tuki\tuki.vcxproj", "{8BA55FD8-8663-4910-8F7B-B0F437DB6678}"
EndProject
Project("{FAE04EC0-301F-11D3-BF4B-00C04F79EFBC}") = "yuki", "yuki\yuki.csproj", "{3B41A703-E9F8-4442-8928-D0113019EF06}"
EndProject
Project("{2150E333-8FDC-42A3-9474-1A3956D46DE8}") = "接合", "接合", "{5C55A9C1-4B56-4F20-83B7-1D6DE4921837}"
EndProject
Project("{2150E333-8FDC-42A3-9474-1A3956D46DE8}") = "本体", "本体", "{51969B1A-5F87-400B-96CE-2768ADDD94A1}"
EndProject
Project("{FAE04EC0-301F-11D3-BF4B-00C04F79EFBC}") = "test", "test\test.csproj", "{72F76E7E-A5E8-452B-A177-DB953E5DB0DD}"
EndProject
Project("{FAE04EC0-301F-11D3-BF4B-00C04F79EFBC}") = "test_ui", "test_ui\test_ui.csproj", "{12DA7B62-116A-4A11-8B20-DA2E3A9AFDE9}"
EndProject
Project("{FAE04EC0-301F-11D3-BF4B-00C04F79EFBC}") = "pasta", "pasta\pasta.csproj", "{BF55551F-22C1-453A-99E5-8A34B30C2CDF}"
EndProject
Project("{2150E333-8FDC-42A3-9474-1A3956D46DE8}") = "その他", "その他", "{763BF375-156E-4B60-BCC3-29074639E8BA}"
EndProject
Project("{D954291E-2A0B-460D-934E-DC6B0785DB48}") = "CSUtil", "CSUtil\CSUtil.shproj", "{F36BB108-EFC1-47D3-BC65-D506D3E73C90}"
EndProject
Project("{FAE04EC0-301F-11D3-BF4B-00C04F79EFBC}") = "hana", "hana\hana.csproj", "{92B75FAD-51F1-4F4C-9A5B-92196F099DED}"
EndProject
Project("{FAE04EC0-301F-11D3-BF4B-00C04F79EFBC}") = "test_setugekka", "test_setugekka\test_setugekka.csproj", "{BB0E6328-9AEA-41C0-90DB-7043D3457C86}"
	ProjectSection(ProjectDependencies) = postProject
		{92B75FAD-51F1-4F4C-9A5B-92196F099DED} = {92B75FAD-51F1-4F4C-9A5B-92196F099DED}
	EndProjectSection
EndProject
Global
	GlobalSection(SharedMSBuildProjectFiles) = preSolution
		CSUtil\CSUtil.projitems*{92b75fad-51f1-4f4c-9a5b-92196f099ded}*SharedItemsImports = 4
		CSUtil\CSUtil.projitems*{bf55551f-22c1-453a-99e5-8a34b30c2cdf}*SharedItemsImports = 4
		CSUtil\CSUtil.projitems*{f36bb108-efc1-47d3-bc65-d506d3e73c90}*SharedItemsImports = 13
	EndGlobalSection
	GlobalSection(SolutionConfigurationPlatforms) = preSolution
		Debug|Any CPU = Debug|Any CPU
		Debug|x86 = Debug|x86
		Release|Any CPU = Release|Any CPU
		Release|x86 = Release|x86
	EndGlobalSection
	GlobalSection(ProjectConfigurationPlatforms) = postSolution
		{8BA55FD8-8663-4910-8F7B-B0F437DB6678}.Debug|Any CPU.ActiveCfg = Debug|Win32
		{8BA55FD8-8663-4910-8F7B-B0F437DB6678}.Debug|Any CPU.Build.0 = Debug|Win32
		{8BA55FD8-8663-4910-8F7B-B0F437DB6678}.Debug|x86.ActiveCfg = Debug|Win32
		{8BA55FD8-8663-4910-8F7B-B0F437DB6678}.Debug|x86.Build.0 = Debug|Win32
		{8BA55FD8-8663-4910-8F7B-B0F437DB6678}.Release|Any CPU.ActiveCfg = Release|Win32
		{8BA55FD8-8663-4910-8F7B-B0F437DB6678}.Release|Any CPU.Build.0 = Release|Win32
		{8BA55FD8-8663-4910-8F7B-B0F437DB6678}.Release|x86.ActiveCfg = Release|Win32
		{8BA55FD8-8663-4910-8F7B-B0F437DB6678}.Release|x86.Build.0 = Release|Win32
		{3B41A703-E9F8-4442-8928-D0113019EF06}.Debug|Any CPU.ActiveCfg = Debug|Any CPU
		{3B41A703-E9F8-4442-8928-D0113019EF06}.Debug|Any CPU.Build.0 = Debug|Any CPU
		{3B41A703-E9F8-4442-8928-D0113019EF06}.Debug|x86.ActiveCfg = Debug|Any CPU
		{3B41A703-E9F8-4442-8928-D0113019EF06}.Debug|x86.Build.0 = Debug|Any CPU
		{3B41A703-E9F8-4442-8928-D0113019EF06}.Release|Any CPU.ActiveCfg = Release|Any CPU
		{3B41A703-E9F8-4442-8928-D0113019EF06}.Release|Any CPU.Build.0 = Release|Any CPU
		{3B41A703-E9F8-4442-8928-D0113019EF06}.Release|x86.ActiveCfg = Release|Any CPU
		{3B41A703-E9F8-4442-8928-D0113019EF06}.Release|x86.Build.0 = Release|Any CPU
		{72F76E7E-A5E8-452B-A177-DB953E5DB0DD}.Debug|Any CPU.ActiveCfg = Debug|Any CPU
		{72F76E7E-A5E8-452B-A177-DB953E5DB0DD}.Debug|Any CPU.Build.0 = Debug|Any CPU
		{72F76E7E-A5E8-452B-A177-DB953E5DB0DD}.Debug|x86.ActiveCfg = Debug|Any CPU
		{72F76E7E-A5E8-452B-A177-DB953E5DB0DD}.Debug|x86.Build.0 = Debug|Any CPU
		{72F76E7E-A5E8-452B-A177-DB953E5DB0DD}.Release|Any CPU.ActiveCfg = Release|Any CPU
		{72F76E7E-A5E8-452B-A177-DB953E5DB0DD}.Release|Any CPU.Build.0 = Release|Any CPU
		{72F76E7E-A5E8-452B-A177-DB953E5DB0DD}.Release|x86.ActiveCfg = Release|Any CPU
		{72F76E7E-A5E8-452B-A177-DB953E5DB0DD}.Release|x86.Build.0 = Release|Any CPU
		{12DA7B62-116A-4A11-8B20-DA2E3A9AFDE9}.Debug|Any CPU.ActiveCfg = Debug|Any CPU
		{12DA7B62-116A-4A11-8B20-DA2E3A9AFDE9}.Debug|Any CPU.Build.0 = Debug|Any CPU
		{12DA7B62-116A-4A11-8B20-DA2E3A9AFDE9}.Debug|x86.ActiveCfg = Debug|Any CPU
		{12DA7B62-116A-4A11-8B20-DA2E3A9AFDE9}.Debug|x86.Build.0 = Debug|Any CPU
		{12DA7B62-116A-4A11-8B20-DA2E3A9AFDE9}.Release|Any CPU.ActiveCfg = Release|Any CPU
		{12DA7B62-116A-4A11-8B20-DA2E3A9AFDE9}.Release|Any CPU.Build.0 = Release|Any CPU
		{12DA7B62-116A-4A11-8B20-DA2E3A9AFDE9}.Release|x86.ActiveCfg = Release|Any CPU
		{12DA7B62-116A-4A11-8B20-DA2E3A9AFDE9}.Release|x86.Build.0 = Release|Any CPU
		{BF55551F-22C1-453A-99E5-8A34B30C2CDF}.Debug|Any CPU.ActiveCfg = Debug|Any CPU
		{BF55551F-22C1-453A-99E5-8A34B30C2CDF}.Debug|Any CPU.Build.0 = Debug|Any CPU
		{BF55551F-22C1-453A-99E5-8A34B30C2CDF}.Debug|x86.ActiveCfg = Debug|Any CPU
		{BF55551F-22C1-453A-99E5-8A34B30C2CDF}.Debug|x86.Build.0 = Debug|Any CPU
		{BF55551F-22C1-453A-99E5-8A34B30C2CDF}.Release|Any CPU.ActiveCfg = Release|Any CPU
		{BF55551F-22C1-453A-99E5-8A34B30C2CDF}.Release|Any CPU.Build.0 = Release|Any CPU
		{BF55551F-22C1-453A-99E5-8A34B30C2CDF}.Release|x86.ActiveCfg = Release|Any CPU
		{BF55551F-22C1-453A-99E5-8A34B30C2CDF}.Release|x86.Build.0 = Release|Any CPU
		{92B75FAD-51F1-4F4C-9A5B-92196F099DED}.Debug|Any CPU.ActiveCfg = Debug|Any CPU
		{92B75FAD-51F1-4F4C-9A5B-92196F099DED}.Debug|Any CPU.Build.0 = Debug|Any CPU
		{92B75FAD-51F1-4F4C-9A5B-92196F099DED}.Debug|x86.ActiveCfg = Debug|Any CPU
		{92B75FAD-51F1-4F4C-9A5B-92196F099DED}.Debug|x86.Build.0 = Debug|Any CPU
		{92B75FAD-51F1-4F4C-9A5B-92196F099DED}.Release|Any CPU.ActiveCfg = Release|Any CPU
		{92B75FAD-51F1-4F4C-9A5B-92196F099DED}.Release|Any CPU.Build.0 = Release|Any CPU
		{92B75FAD-51F1-4F4C-9A5B-92196F099DED}.Release|x86.ActiveCfg = Release|Any CPU
		{92B75FAD-51F1-4F4C-9A5B-92196F099DED}.Release|x86.Build.0 = Release|Any CPU
		{BB0E6328-9AEA-41C0-90DB-7043D3457C86}.Debug|Any CPU.ActiveCfg = Debug|Any CPU
		{BB0E6328-9AEA-41C0-90DB-7043D3457C86}.Debug|Any CPU.Build.0 = Debug|Any CPU
		{BB0E6328-9AEA-41C0-90DB-7043D3457C86}.Debug|x86.ActiveCfg = Debug|Any CPU
		{BB0E6328-9AEA-41C0-90DB-7043D3457C86}.Debug|x86.Build.0 = Debug|Any CPU
		{BB0E6328-9AEA-41C0-90DB-7043D3457C86}.Release|Any CPU.ActiveCfg = Release|Any CPU
		{BB0E6328-9AEA-41C0-90DB-7043D3457C86}.Release|Any CPU.Build.0 = Release|Any CPU
		{BB0E6328-9AEA-41C0-90DB-7043D3457C86}.Release|x86.ActiveCfg = Release|Any CPU
		{BB0E6328-9AEA-41C0-90DB-7043D3457C86}.Release|x86.Build.0 = Release|Any CPU
	EndGlobalSection
	GlobalSection(SolutionProperties) = preSolution
		HideSolutionNode = FALSE
	EndGlobalSection
	GlobalSection(NestedProjects) = preSolution
		{8BA55FD8-8663-4910-8F7B-B0F437DB6678} = {5C55A9C1-4B56-4F20-83B7-1D6DE4921837}
		{3B41A703-E9F8-4442-8928-D0113019EF06} = {5C55A9C1-4B56-4F20-83B7-1D6DE4921837}
		{72F76E7E-A5E8-452B-A177-DB953E5DB0DD} = {51969B1A-5F87-400B-96CE-2768ADDD94A1}
		{12DA7B62-116A-4A11-8B20-DA2E3A9AFDE9} = {51969B1A-5F87-400B-96CE-2768ADDD94A1}
		{BF55551F-22C1-453A-99E5-8A34B30C2CDF} = {51969B1A-5F87-400B-96CE-2768ADDD94A1}
		{F36BB108-EFC1-47D3-BC65-D506D3E73C90} = {763BF375-156E-4B60-BCC3-29074639E8BA}
		{92B75FAD-51F1-4F4C-9A5B-92196F099DED} = {5C55A9C1-4B56-4F20-83B7-1D6DE4921837}
		{BB0E6328-9AEA-41C0-90DB-7043D3457C86} = {5C55A9C1-4B56-4F20-83B7-1D6DE4921837}
	EndGlobalSection
	GlobalSection(ExtensibilityGlobals) = postSolution
		SolutionGuid = {2F9DCF04-8879-438E-9C27-38C46212EBFC}
	EndGlobalSection
EndGlobal
